{
  "requires": true,
  "lockfileVersion": 1,
  "dependencies": {
    "primeng": {
      "version": "9.1.3",
      "resolved": "https://registry.npmjs.org/primeng/-/primeng-9.1.3.tgz",
      "integrity": "sha512-5+XGWrLNYToMIXR/r+sMcGAgz/rSYjo6Ms8rygV5uuLmHNB+mXpaRxMCajKSnmVFLZPeyATtVRm9RcA4Y/VizQ=="
    }
  }
}
