
Microsoft Visual Studio Solution File, Format Version 12.00
# Visual Studio Version 16
VisualStudioVersion = 16.0.30128.74
MinimumVisualStudioVersion = 10.0.40219.1
Project("{9A19103F-16F7-4668-BE54-9A1E7A4F7556}") = "ProjectName.Infrastructure", "ProjectName.Infrastructure\ProjectName.Infrastructure.csproj", "{62196E16-6B81-4B1A-BF25-DF5E4DD6B29E}"
EndProject
Project("{9A19103F-16F7-4668-BE54-9A1E7A4F7556}") = "ProjectName.Domain", "ProjectName.Domain\ProjectName.Domain.csproj", "{3B7DC28D-E70A-4DBE-9F65-F021D574D767}"
EndProject
Project("{9A19103F-16F7-4668-BE54-9A1E7A4F7556}") = "ProjectName.Application", "ProjectName.Application\ProjectName.Application.csproj", "{BFC53B43-C806-4002-AC99-3D435EB5671E}"
EndProject
Project("{9A19103F-16F7-4668-BE54-9A1E7A4F7556}") = "ProjectName.Api", "ProjectName.Api\ProjectName.Api.csproj", "{1722341A-C87A-4961-8D41-C1AAE306A9C0}"
EndProject
Project("{E24C65DC-7377-472B-9ABA-BC803B73C61A}") = "ProjectName.Web", "ProjectName.Web\", "{741ED41B-ADFF-4255-A6AA-90867C7FB53B}"
	ProjectSection(WebsiteProperties) = preProject
		TargetFrameworkMoniker = ".NETFramework,Version%3Dv4.0"
		Debug.AspNetCompiler.VirtualPath = "/localhost_58637"
		Debug.AspNetCompiler.PhysicalPath = "ProjectName.Web\"
		Debug.AspNetCompiler.TargetPath = "PrecompiledWeb\localhost_58637\"
		Debug.AspNetCompiler.Updateable = "true"
		Debug.AspNetCompiler.ForceOverwrite = "true"
		Debug.AspNetCompiler.FixedNames = "false"
		Debug.AspNetCompiler.Debug = "True"
		Release.AspNetCompiler.VirtualPath = "/localhost_58637"
		Release.AspNetCompiler.PhysicalPath = "ProjectName.Web\"
		Release.AspNetCompiler.TargetPath = "PrecompiledWeb\localhost_58637\"
		Release.AspNetCompiler.Updateable = "true"
		Release.AspNetCompiler.ForceOverwrite = "true"
		Release.AspNetCompiler.FixedNames = "false"
		Release.AspNetCompiler.Debug = "False"
		VWDPort = "58637"
		SlnRelativePath = "ProjectName.Web\"
	EndProjectSection
EndProject
Project("{FAE04EC0-301F-11D3-BF4B-00C04F79EFBC}") = "ProjectName.Notification", "ProjectName.Notification\ProjectName.Notification.csproj", "{4A3F2D32-413E-48EC-9773-7A870FEE897B}"
EndProject
Global
	GlobalSection(SolutionConfigurationPlatforms) = preSolution
		Debug|Any CPU = Debug|Any CPU
		Release|Any CPU = Release|Any CPU
	EndGlobalSection
	GlobalSection(ProjectConfigurationPlatforms) = postSolution
		{62196E16-6B81-4B1A-BF25-DF5E4DD6B29E}.Debug|Any CPU.ActiveCfg = Debug|Any CPU
		{62196E16-6B81-4B1A-BF25-DF5E4DD6B29E}.Debug|Any CPU.Build.0 = Debug|Any CPU
		{62196E16-6B81-4B1A-BF25-DF5E4DD6B29E}.Release|Any CPU.ActiveCfg = Release|Any CPU
		{62196E16-6B81-4B1A-BF25-DF5E4DD6B29E}.Release|Any CPU.Build.0 = Release|Any CPU
		{3B7DC28D-E70A-4DBE-9F65-F021D574D767}.Debug|Any CPU.ActiveCfg = Debug|Any CPU
		{3B7DC28D-E70A-4DBE-9F65-F021D574D767}.Debug|Any CPU.Build.0 = Debug|Any CPU
		{3B7DC28D-E70A-4DBE-9F65-F021D574D767}.Release|Any CPU.ActiveCfg = Release|Any CPU
		{3B7DC28D-E70A-4DBE-9F65-F021D574D767}.Release|Any CPU.Build.0 = Release|Any CPU
		{BFC53B43-C806-4002-AC99-3D435EB5671E}.Debug|Any CPU.ActiveCfg = Debug|Any CPU
		{BFC53B43-C806-4002-AC99-3D435EB5671E}.Debug|Any CPU.Build.0 = Debug|Any CPU
		{BFC53B43-C806-4002-AC99-3D435EB5671E}.Release|Any CPU.ActiveCfg = Release|Any CPU
		{BFC53B43-C806-4002-AC99-3D435EB5671E}.Release|Any CPU.Build.0 = Release|Any CPU
		{1722341A-C87A-4961-8D41-C1AAE306A9C0}.Debug|Any CPU.ActiveCfg = Debug|Any CPU
		{1722341A-C87A-4961-8D41-C1AAE306A9C0}.Debug|Any CPU.Build.0 = Debug|Any CPU
		{1722341A-C87A-4961-8D41-C1AAE306A9C0}.Release|Any CPU.ActiveCfg = Release|Any CPU
		{1722341A-C87A-4961-8D41-C1AAE306A9C0}.Release|Any CPU.Build.0 = Release|Any CPU
		{741ED41B-ADFF-4255-A6AA-90867C7FB53B}.Debug|Any CPU.ActiveCfg = Debug|Any CPU
		{741ED41B-ADFF-4255-A6AA-90867C7FB53B}.Debug|Any CPU.Build.0 = Debug|Any CPU
		{741ED41B-ADFF-4255-A6AA-90867C7FB53B}.Release|Any CPU.ActiveCfg = Debug|Any CPU
		{741ED41B-ADFF-4255-A6AA-90867C7FB53B}.Release|Any CPU.Build.0 = Debug|Any CPU
		{4A3F2D32-413E-48EC-9773-7A870FEE897B}.Debug|Any CPU.ActiveCfg = Debug|Any CPU
		{4A3F2D32-413E-48EC-9773-7A870FEE897B}.Debug|Any CPU.Build.0 = Debug|Any CPU
		{4A3F2D32-413E-48EC-9773-7A870FEE897B}.Release|Any CPU.ActiveCfg = Release|Any CPU
		{4A3F2D32-413E-48EC-9773-7A870FEE897B}.Release|Any CPU.Build.0 = Release|Any CPU
	EndGlobalSection
	GlobalSection(SolutionProperties) = preSolution
		HideSolutionNode = FALSE
	EndGlobalSection
	GlobalSection(ExtensibilityGlobals) = postSolution
		SolutionGuid = {229D9D4F-1DD8-4DA5-BBA3-6A249E3FFBCC}
	EndGlobalSection
EndGlobal
